// !$*UTF8*$!
{
	archiveVersion = 1;
	classes = {
	};
	objectVersion = 56;
	objects = {

/* Begin PBXBuildFile section */
		0297AB5B2BACC28800476E3E /* TokenProvider.swift in Sources */ = {isa = PBXBuildFile; fileRef = 0297AB5A2BACC28800476E3E /* TokenProvider.swift */; };
		0297AB5D2BACC36800476E3E /* URLProvider.swift in Sources */ = {isa = PBXBuildFile; fileRef = 0297AB5C2BACC36800476E3E /* URLProvider.swift */; };
		0297AB602BACC5CC00476E3E /* WeatherRequest.swift in Sources */ = {isa = PBXBuildFile; fileRef = 0297AB5F2BACC5CC00476E3E /* WeatherRequest.swift */; };
		0297AB632BACC68B00476E3E /* APIWeatherResponce.swift in Sources */ = {isa = PBXBuildFile; fileRef = 0297AB622BACC68B00476E3E /* APIWeatherResponce.swift */; };
		0297AB652BACC6BE00476E3E /* NetworkError.swift in Sources */ = {isa = PBXBuildFile; fileRef = 0297AB642BACC6BE00476E3E /* NetworkError.swift */; };
		0297AB672BACC72900476E3E /* JSONParser.swift in Sources */ = {isa = PBXBuildFile; fileRef = 0297AB662BACC72900476E3E /* JSONParser.swift */; };
		0297AB692BACC7BD00476E3E /* RequestService.swift in Sources */ = {isa = PBXBuildFile; fileRef = 0297AB682BACC7BD00476E3E /* RequestService.swift */; };
		0297AB6B2BACC8D200476E3E /* RequestFactory.swift in Sources */ = {isa = PBXBuildFile; fileRef = 0297AB6A2BACC8D200476E3E /* RequestFactory.swift */; };
		0297AB6D2BACCA2500476E3E /* NetworkManager.swift in Sources */ = {isa = PBXBuildFile; fileRef = 0297AB6C2BACCA2500476E3E /* NetworkManager.swift */; };
		0297AB6F2BAD787C00476E3E /* ServiceAssemble.swift in Sources */ = {isa = PBXBuildFile; fileRef = 0297AB6E2BAD787C00476E3E /* ServiceAssemble.swift */; };
		0297AB712BAD798E00476E3E /* PresentationAssembly.swift in Sources */ = {isa = PBXBuildFile; fileRef = 0297AB702BAD798E00476E3E /* PresentationAssembly.swift */; };
		0297AB742BAD7AF500476E3E /* LocationWeatherScreenConfiguration.swift in Sources */ = {isa = PBXBuildFile; fileRef = 0297AB732BAD7AF500476E3E /* LocationWeatherScreenConfiguration.swift */; };
		0297AB762BAD7B9900476E3E /* LocationWeatherScreenViewController.swift in Sources */ = {isa = PBXBuildFile; fileRef = 0297AB752BAD7B9900476E3E /* LocationWeatherScreenViewController.swift */; };
		0297AB782BAD7BF200476E3E /* LocationWeatherScreenPresenter.swift in Sources */ = {isa = PBXBuildFile; fileRef = 0297AB772BAD7BF200476E3E /* LocationWeatherScreenPresenter.swift */; };
		0297AB7A2BAD7D7000476E3E /* LocationWeatherScreenView.swift in Sources */ = {isa = PBXBuildFile; fileRef = 0297AB792BAD7D7000476E3E /* LocationWeatherScreenView.swift */; };
		0297AB7C2BADB81900476E3E /* BoxView.swift in Sources */ = {isa = PBXBuildFile; fileRef = 0297AB7B2BADB81900476E3E /* BoxView.swift */; };
		0297AB7E2BAE27D200476E3E /* CustomTabBarController.swift in Sources */ = {isa = PBXBuildFile; fileRef = 0297AB7D2BAE27D200476E3E /* CustomTabBarController.swift */; };
		0297AB812BAE32D400476E3E /* SearchWeatherViewController.swift in Sources */ = {isa = PBXBuildFile; fileRef = 0297AB802BAE32D400476E3E /* SearchWeatherViewController.swift */; };
		02B76DF32BAC49E500A922A2 /* AppDelegate.swift in Sources */ = {isa = PBXBuildFile; fileRef = 02B76DF22BAC49E500A922A2 /* AppDelegate.swift */; };
		02B76DF72BAC49E500A922A2 /* ViewController.swift in Sources */ = {isa = PBXBuildFile; fileRef = 02B76DF62BAC49E500A922A2 /* ViewController.swift */; };
		02B76DFC2BAC49E800A922A2 /* Assets.xcassets in Resources */ = {isa = PBXBuildFile; fileRef = 02B76DFB2BAC49E800A922A2 /* Assets.xcassets */; };
		02B76DFF2BAC49E800A922A2 /* LaunchScreen.storyboard in Resources */ = {isa = PBXBuildFile; fileRef = 02B76DFD2BAC49E800A922A2 /* LaunchScreen.storyboard */; };
/* End PBXBuildFile section */

/* Begin PBXFileReference section */
		0297AB5A2BACC28800476E3E /* TokenProvider.swift */ = {isa = PBXFileReference; lastKnownFileType = sourcecode.swift; path = TokenProvider.swift; sourceTree = "<group>"; };
		0297AB5C2BACC36800476E3E /* URLProvider.swift */ = {isa = PBXFileReference; lastKnownFileType = sourcecode.swift; path = URLProvider.swift; sourceTree = "<group>"; };
		0297AB5F2BACC5CC00476E3E /* WeatherRequest.swift */ = {isa = PBXFileReference; lastKnownFileType = sourcecode.swift; path = WeatherRequest.swift; sourceTree = "<group>"; };
		0297AB622BACC68B00476E3E /* APIWeatherResponce.swift */ = {isa = PBXFileReference; lastKnownFileType = sourcecode.swift; path = APIWeatherResponce.swift; sourceTree = "<group>"; };
		0297AB642BACC6BE00476E3E /* NetworkError.swift */ = {isa = PBXFileReference; lastKnownFileType = sourcecode.swift; path = NetworkError.swift; sourceTree = "<group>"; };
		0297AB662BACC72900476E3E /* JSONParser.swift */ = {isa = PBXFileReference; lastKnownFileType = sourcecode.swift; path = JSONParser.swift; sourceTree = "<group>"; };
		0297AB682BACC7BD00476E3E /* RequestService.swift */ = {isa = PBXFileReference; lastKnownFileType = sourcecode.swift; path = RequestService.swift; sourceTree = "<group>"; };
		0297AB6A2BACC8D200476E3E /* RequestFactory.swift */ = {isa = PBXFileReference; lastKnownFileType = sourcecode.swift; path = RequestFactory.swift; sourceTree = "<group>"; };
		0297AB6C2BACCA2500476E3E /* NetworkManager.swift */ = {isa = PBXFileReference; lastKnownFileType = sourcecode.swift; path = NetworkManager.swift; sourceTree = "<group>"; };
		0297AB6E2BAD787C00476E3E /* ServiceAssemble.swift */ = {isa = PBXFileReference; lastKnownFileType = sourcecode.swift; path = ServiceAssemble.swift; sourceTree = "<group>"; };
		0297AB702BAD798E00476E3E /* PresentationAssembly.swift */ = {isa = PBXFileReference; lastKnownFileType = sourcecode.swift; path = PresentationAssembly.swift; sourceTree = "<group>"; };
		0297AB732BAD7AF500476E3E /* LocationWeatherScreenConfiguration.swift */ = {isa = PBXFileReference; lastKnownFileType = sourcecode.swift; path = LocationWeatherScreenConfiguration.swift; sourceTree = "<group>"; };
		0297AB752BAD7B9900476E3E /* LocationWeatherScreenViewController.swift */ = {isa = PBXFileReference; lastKnownFileType = sourcecode.swift; path = LocationWeatherScreenViewController.swift; sourceTree = "<group>"; };
		0297AB772BAD7BF200476E3E /* LocationWeatherScreenPresenter.swift */ = {isa = PBXFileReference; lastKnownFileType = sourcecode.swift; path = LocationWeatherScreenPresenter.swift; sourceTree = "<group>"; };
		0297AB792BAD7D7000476E3E /* LocationWeatherScreenView.swift */ = {isa = PBXFileReference; lastKnownFileType = sourcecode.swift; path = LocationWeatherScreenView.swift; sourceTree = "<group>"; };
		0297AB7B2BADB81900476E3E /* BoxView.swift */ = {isa = PBXFileReference; lastKnownFileType = sourcecode.swift; path = BoxView.swift; sourceTree = "<group>"; };
		0297AB7D2BAE27D200476E3E /* CustomTabBarController.swift */ = {isa = PBXFileReference; lastKnownFileType = sourcecode.swift; path = CustomTabBarController.swift; sourceTree = "<group>"; };
		0297AB802BAE32D400476E3E /* SearchWeatherViewController.swift */ = {isa = PBXFileReference; lastKnownFileType = sourcecode.swift; path = SearchWeatherViewController.swift; sourceTree = "<group>"; };
		02B76DEF2BAC49E500A922A2 /* WeatherApp.app */ = {isa = PBXFileReference; explicitFileType = wrapper.application; includeInIndex = 0; path = WeatherApp.app; sourceTree = BUILT_PRODUCTS_DIR; };
		02B76DF22BAC49E500A922A2 /* AppDelegate.swift */ = {isa = PBXFileReference; lastKnownFileType = sourcecode.swift; path = AppDelegate.swift; sourceTree = "<group>"; };
		02B76DF62BAC49E500A922A2 /* ViewController.swift */ = {isa = PBXFileReference; lastKnownFileType = sourcecode.swift; path = ViewController.swift; sourceTree = "<group>"; };
		02B76DFB2BAC49E800A922A2 /* Assets.xcassets */ = {isa = PBXFileReference; lastKnownFileType = folder.assetcatalog; path = Assets.xcassets; sourceTree = "<group>"; };
		02B76DFE2BAC49E800A922A2 /* Base */ = {isa = PBXFileReference; lastKnownFileType = file.storyboard; name = Base; path = Base.lproj/LaunchScreen.storyboard; sourceTree = "<group>"; };
		02B76E002BAC49E800A922A2 /* Info.plist */ = {isa = PBXFileReference; lastKnownFileType = text.plist.xml; path = Info.plist; sourceTree = "<group>"; };
/* End PBXFileReference section */

/* Begin PBXFrameworksBuildPhase section */
		02B76DEC2BAC49E500A922A2 /* Frameworks */ = {
			isa = PBXFrameworksBuildPhase;
			buildActionMask = 2147483647;
			files = (
			);
			runOnlyForDeploymentPostprocessing = 0;
		};
/* End PBXFrameworksBuildPhase section */

/* Begin PBXGroup section */
		0297AB582BACC18300476E3E /* NetworkService */ = {
			isa = PBXGroup;
			children = (
				0297AB612BACC65500476E3E /* Models */,
				0297AB5E2BACC3A500476E3E /* Requests */,
				0297AB592BACC1AB00476E3E /* Common */,
				0297AB642BACC6BE00476E3E /* NetworkError.swift */,
				0297AB662BACC72900476E3E /* JSONParser.swift */,
				0297AB682BACC7BD00476E3E /* RequestService.swift */,
				0297AB6A2BACC8D200476E3E /* RequestFactory.swift */,
			);
			path = NetworkService;
			sourceTree = "<group>";
		};
		0297AB592BACC1AB00476E3E /* Common */ = {
			isa = PBXGroup;
			children = (
				0297AB5A2BACC28800476E3E /* TokenProvider.swift */,
				0297AB5C2BACC36800476E3E /* URLProvider.swift */,
			);
			path = Common;
			sourceTree = "<group>";
		};
		0297AB5E2BACC3A500476E3E /* Requests */ = {
			isa = PBXGroup;
			children = (
				0297AB5F2BACC5CC00476E3E /* WeatherRequest.swift */,
			);
			path = Requests;
			sourceTree = "<group>";
		};
		0297AB612BACC65500476E3E /* Models */ = {
			isa = PBXGroup;
			children = (
				0297AB622BACC68B00476E3E /* APIWeatherResponce.swift */,
			);
			path = Models;
			sourceTree = "<group>";
		};
		0297AB722BAD7A2700476E3E /* LocationWeatherScreen */ = {
			isa = PBXGroup;
			children = (
				0297AB772BAD7BF200476E3E /* LocationWeatherScreenPresenter.swift */,
				0297AB752BAD7B9900476E3E /* LocationWeatherScreenViewController.swift */,
				0297AB792BAD7D7000476E3E /* LocationWeatherScreenView.swift */,
				0297AB732BAD7AF500476E3E /* LocationWeatherScreenConfiguration.swift */,
				0297AB702BAD798E00476E3E /* PresentationAssembly.swift */,
				02B76DF62BAC49E500A922A2 /* ViewController.swift */,
			);
			path = LocationWeatherScreen;
			sourceTree = "<group>";
		};
		0297AB7F2BAE328000476E3E /* SearchWeatherScreen */ = {
			isa = PBXGroup;
			children = (
				0297AB802BAE32D400476E3E /* SearchWeatherViewController.swift */,
			);
			path = SearchWeatherScreen;
			sourceTree = "<group>";
		};
		02B76DE62BAC49E500A922A2 = {
			isa = PBXGroup;
			children = (
				02B76DF12BAC49E500A922A2 /* WeatherApp */,
				02B76DF02BAC49E500A922A2 /* Products */,
			);
			sourceTree = "<group>";
		};
		02B76DF02BAC49E500A922A2 /* Products */ = {
			isa = PBXGroup;
			children = (
				02B76DEF2BAC49E500A922A2 /* WeatherApp.app */,
			);
			name = Products;
			sourceTree = "<group>";
		};
		02B76DF12BAC49E500A922A2 /* WeatherApp */ = {
			isa = PBXGroup;
			children = (
				02B76E0A2BAC4EDC00A922A2 /* PresentationLayer */,
				02B76E092BAC4ED300A922A2 /* Managers */,
				02B76E082BAC4ECA00A922A2 /* Services */,
				02B76E062BAC4A7200A922A2 /* Default */,
				02B76E002BAC49E800A922A2 /* Info.plist */,
			);
			path = WeatherApp;
			sourceTree = "<group>";
		};
		02B76E062BAC4A7200A922A2 /* Default */ = {
			isa = PBXGroup;
			children = (
				02B76DF22BAC49E500A922A2 /* AppDelegate.swift */,
				02B76DFD2BAC49E800A922A2 /* LaunchScreen.storyboard */,
				02B76E072BAC4A8D00A922A2 /* Resources */,
			);
			path = Default;
			sourceTree = "<group>";
		};
		02B76E072BAC4A8D00A922A2 /* Resources */ = {
			isa = PBXGroup;
			children = (
				02B76DFB2BAC49E800A922A2 /* Assets.xcassets */,
			);
			path = Resources;
			sourceTree = "<group>";
		};
		02B76E082BAC4ECA00A922A2 /* Services */ = {
			isa = PBXGroup;
			children = (
				0297AB582BACC18300476E3E /* NetworkService */,
				0297AB6E2BAD787C00476E3E /* ServiceAssemble.swift */,
			);
			path = Services;
			sourceTree = "<group>";
		};
		02B76E092BAC4ED300A922A2 /* Managers */ = {
			isa = PBXGroup;
			children = (
				0297AB6C2BACCA2500476E3E /* NetworkManager.swift */,
			);
			path = Managers;
			sourceTree = "<group>";
		};
		02B76E0A2BAC4EDC00A922A2 /* PresentationLayer */ = {
			isa = PBXGroup;
			children = (
				0297AB7F2BAE328000476E3E /* SearchWeatherScreen */,
				0297AB722BAD7A2700476E3E /* LocationWeatherScreen */,
				0297AB7B2BADB81900476E3E /* BoxView.swift */,
				0297AB7D2BAE27D200476E3E /* CustomTabBarController.swift */,
			);
			path = PresentationLayer;
			sourceTree = "<group>";
		};
/* End PBXGroup section */

/* Begin PBXNativeTarget section */
		02B76DEE2BAC49E500A922A2 /* WeatherApp */ = {
			isa = PBXNativeTarget;
			buildConfigurationList = 02B76E032BAC49E800A922A2 /* Build configuration list for PBXNativeTarget "WeatherApp" */;
			buildPhases = (
				02B76DEB2BAC49E500A922A2 /* Sources */,
				02B76DEC2BAC49E500A922A2 /* Frameworks */,
				02B76DED2BAC49E500A922A2 /* Resources */,
			);
			buildRules = (
			);
			dependencies = (
			);
			name = WeatherApp;
			productName = WeatherApp;
			productReference = 02B76DEF2BAC49E500A922A2 /* WeatherApp.app */;
			productType = "com.apple.product-type.application";
		};
/* End PBXNativeTarget section */

/* Begin PBXProject section */
		02B76DE72BAC49E500A922A2 /* Project object */ = {
			isa = PBXProject;
			attributes = {
				BuildIndependentTargetsInParallel = 1;
				LastSwiftUpdateCheck = 1500;
				LastUpgradeCheck = 1500;
				TargetAttributes = {
					02B76DEE2BAC49E500A922A2 = {
						CreatedOnToolsVersion = 15.0.1;
					};
				};
			};
			buildConfigurationList = 02B76DEA2BAC49E500A922A2 /* Build configuration list for PBXProject "WeatherApp" */;
			compatibilityVersion = "Xcode 14.0";
			developmentRegion = en;
			hasScannedForEncodings = 0;
			knownRegions = (
				en,
				Base,
			);
			mainGroup = 02B76DE62BAC49E500A922A2;
			productRefGroup = 02B76DF02BAC49E500A922A2 /* Products */;
			projectDirPath = "";
			projectRoot = "";
			targets = (
				02B76DEE2BAC49E500A922A2 /* WeatherApp */,
			);
		};
/* End PBXProject section */

/* Begin PBXResourcesBuildPhase section */
		02B76DED2BAC49E500A922A2 /* Resources */ = {
			isa = PBXResourcesBuildPhase;
			buildActionMask = 2147483647;
			files = (
				02B76DFF2BAC49E800A922A2 /* LaunchScreen.storyboard in Resources */,
				02B76DFC2BAC49E800A922A2 /* Assets.xcassets in Resources */,
			);
			runOnlyForDeploymentPostprocessing = 0;
		};
/* End PBXResourcesBuildPhase section */

/* Begin PBXSourcesBuildPhase section */
		02B76DEB2BAC49E500A922A2 /* Sources */ = {
			isa = PBXSourcesBuildPhase;
			buildActionMask = 2147483647;
			files = (
				0297AB782BAD7BF200476E3E /* LocationWeatherScreenPresenter.swift in Sources */,
				0297AB632BACC68B00476E3E /* APIWeatherResponce.swift in Sources */,
				0297AB7E2BAE27D200476E3E /* CustomTabBarController.swift in Sources */,
				0297AB692BACC7BD00476E3E /* RequestService.swift in Sources */,
				0297AB652BACC6BE00476E3E /* NetworkError.swift in Sources */,
				0297AB672BACC72900476E3E /* JSONParser.swift in Sources */,
				0297AB6D2BACCA2500476E3E /* NetworkManager.swift in Sources */,
				0297AB6F2BAD787C00476E3E /* ServiceAssemble.swift in Sources */,
				02B76DF72BAC49E500A922A2 /* ViewController.swift in Sources */,
				0297AB7C2BADB81900476E3E /* BoxView.swift in Sources */,
				0297AB762BAD7B9900476E3E /* LocationWeatherScreenViewController.swift in Sources */,
				0297AB812BAE32D400476E3E /* SearchWeatherViewController.swift in Sources */,
				0297AB5B2BACC28800476E3E /* TokenProvider.swift in Sources */,
				0297AB742BAD7AF500476E3E /* LocationWeatherScreenConfiguration.swift in Sources */,
				0297AB712BAD798E00476E3E /* PresentationAssembly.swift in Sources */,
				0297AB6B2BACC8D200476E3E /* RequestFactory.swift in Sources */,
				0297AB5D2BACC36800476E3E /* URLProvider.swift in Sources */,
				0297AB602BACC5CC00476E3E /* WeatherRequest.swift in Sources */,
				02B76DF32BAC49E500A922A2 /* AppDelegate.swift in Sources */,
				0297AB7A2BAD7D7000476E3E /* LocationWeatherScreenView.swift in Sources */,
			);
			runOnlyForDeploymentPostprocessing = 0;
		};
/* End PBXSourcesBuildPhase section */

/* Begin PBXVariantGroup section */
		02B76DFD2BAC49E800A922A2 /* LaunchScreen.storyboard */ = {
			isa = PBXVariantGroup;
			children = (
				02B76DFE2BAC49E800A922A2 /* Base */,
			);
			name = LaunchScreen.storyboard;
			sourceTree = "<group>";
		};
/* End PBXVariantGroup section */

/* Begin XCBuildConfiguration section */
		02B76E012BAC49E800A922A2 /* Debug */ = {
			isa = XCBuildConfiguration;
			buildSettings = {
				ALWAYS_SEARCH_USER_PATHS = NO;
				ASSETCATALOG_COMPILER_GENERATE_SWIFT_ASSET_SYMBOL_EXTENSIONS = YES;
				CLANG_ANALYZER_NONNULL = YES;
				CLANG_ANALYZER_NUMBER_OBJECT_CONVERSION = YES_AGGRESSIVE;
				CLANG_CXX_LANGUAGE_STANDARD = "gnu++20";
				CLANG_ENABLE_MODULES = YES;
				CLANG_ENABLE_OBJC_ARC = YES;
				CLANG_ENABLE_OBJC_WEAK = YES;
				CLANG_WARN_BLOCK_CAPTURE_AUTORELEASING = YES;
				CLANG_WARN_BOOL_CONVERSION = YES;
				CLANG_WARN_COMMA = YES;
				CLANG_WARN_CONSTANT_CONVERSION = YES;
				CLANG_WARN_DEPRECATED_OBJC_IMPLEMENTATIONS = YES;
				CLANG_WARN_DIRECT_OBJC_ISA_USAGE = YES_ERROR;
				CLANG_WARN_DOCUMENTATION_COMMENTS = YES;
				CLANG_WARN_EMPTY_BODY = YES;
				CLANG_WARN_ENUM_CONVERSION = YES;
				CLANG_WARN_INFINITE_RECURSION = YES;
				CLANG_WARN_INT_CONVERSION = YES;
				CLANG_WARN_NON_LITERAL_NULL_CONVERSION = YES;
				CLANG_WARN_OBJC_IMPLICIT_RETAIN_SELF = YES;
				CLANG_WARN_OBJC_LITERAL_CONVERSION = YES;
				CLANG_WARN_OBJC_ROOT_CLASS = YES_ERROR;
				CLANG_WARN_QUOTED_INCLUDE_IN_FRAMEWORK_HEADER = YES;
				CLANG_WARN_RANGE_LOOP_ANALYSIS = YES;
				CLANG_WARN_STRICT_PROTOTYPES = YES;
				CLANG_WARN_SUSPICIOUS_MOVE = YES;
				CLANG_WARN_UNGUARDED_AVAILABILITY = YES_AGGRESSIVE;
				CLANG_WARN_UNREACHABLE_CODE = YES;
				CLANG_WARN__DUPLICATE_METHOD_MATCH = YES;
				COPY_PHASE_STRIP = NO;
				DEBUG_INFORMATION_FORMAT = dwarf;
				ENABLE_STRICT_OBJC_MSGSEND = YES;
				ENABLE_TESTABILITY = YES;
				ENABLE_USER_SCRIPT_SANDBOXING = YES;
				GCC_C_LANGUAGE_STANDARD = gnu17;
				GCC_DYNAMIC_NO_PIC = NO;
				GCC_NO_COMMON_BLOCKS = YES;
				GCC_OPTIMIZATION_LEVEL = 0;
				GCC_PREPROCESSOR_DEFINITIONS = (
					"DEBUG=1",
					"$(inherited)",
				);
				GCC_WARN_64_TO_32_BIT_CONVERSION = YES;
				GCC_WARN_ABOUT_RETURN_TYPE = YES_ERROR;
				GCC_WARN_UNDECLARED_SELECTOR = YES;
				GCC_WARN_UNINITIALIZED_AUTOS = YES_AGGRESSIVE;
				GCC_WARN_UNUSED_FUNCTION = YES;
				GCC_WARN_UNUSED_VARIABLE = YES;
				IPHONEOS_DEPLOYMENT_TARGET = 17.0;
				LOCALIZATION_PREFERS_STRING_CATALOGS = YES;
				MTL_ENABLE_DEBUG_INFO = INCLUDE_SOURCE;
				MTL_FAST_MATH = YES;
				ONLY_ACTIVE_ARCH = YES;
				SDKROOT = iphoneos;
				SWIFT_ACTIVE_COMPILATION_CONDITIONS = "DEBUG $(inherited)";
				SWIFT_OPTIMIZATION_LEVEL = "-Onone";
			};
			name = Debug;
		};
		02B76E022BAC49E800A922A2 /* Release */ = {
			isa = XCBuildConfiguration;
			buildSettings = {
				ALWAYS_SEARCH_USER_PATHS = NO;
				ASSETCATALOG_COMPILER_GENERATE_SWIFT_ASSET_SYMBOL_EXTENSIONS = YES;
				CLANG_ANALYZER_NONNULL = YES;
				CLANG_ANALYZER_NUMBER_OBJECT_CONVERSION = YES_AGGRESSIVE;
				CLANG_CXX_LANGUAGE_STANDARD = "gnu++20";
				CLANG_ENABLE_MODULES = YES;
				CLANG_ENABLE_OBJC_ARC = YES;
				CLANG_ENABLE_OBJC_WEAK = YES;
				CLANG_WARN_BLOCK_CAPTURE_AUTORELEASING = YES;
				CLANG_WARN_BOOL_CONVERSION = YES;
				CLANG_WARN_COMMA = YES;
				CLANG_WARN_CONSTANT_CONVERSION = YES;
				CLANG_WARN_DEPRECATED_OBJC_IMPLEMENTATIONS = YES;
				CLANG_WARN_DIRECT_OBJC_ISA_USAGE = YES_ERROR;
				CLANG_WARN_DOCUMENTATION_COMMENTS = YES;
				CLANG_WARN_EMPTY_BODY = YES;
				CLANG_WARN_ENUM_CONVERSION = YES;
				CLANG_WARN_INFINITE_RECURSION = YES;
				CLANG_WARN_INT_CONVERSION = YES;
				CLANG_WARN_NON_LITERAL_NULL_CONVERSION = YES;
				CLANG_WARN_OBJC_IMPLICIT_RETAIN_SELF = YES;
				CLANG_WARN_OBJC_LITERAL_CONVERSION = YES;
				CLANG_WARN_OBJC_ROOT_CLASS = YES_ERROR;
				CLANG_WARN_QUOTED_INCLUDE_IN_FRAMEWORK_HEADER = YES;
				CLANG_WARN_RANGE_LOOP_ANALYSIS = YES;
				CLANG_WARN_STRICT_PROTOTYPES = YES;
				CLANG_WARN_SUSPICIOUS_MOVE = YES;
				CLANG_WARN_UNGUARDED_AVAILABILITY = YES_AGGRESSIVE;
				CLANG_WARN_UNREACHABLE_CODE = YES;
				CLANG_WARN__DUPLICATE_METHOD_MATCH = YES;
				COPY_PHASE_STRIP = NO;
				DEBUG_INFORMATION_FORMAT = "dwarf-with-dsym";
				ENABLE_NS_ASSERTIONS = NO;
				ENABLE_STRICT_OBJC_MSGSEND = YES;
				ENABLE_USER_SCRIPT_SANDBOXING = YES;
				GCC_C_LANGUAGE_STANDARD = gnu17;
				GCC_NO_COMMON_BLOCKS = YES;
				GCC_WARN_64_TO_32_BIT_CONVERSION = YES;
				GCC_WARN_ABOUT_RETURN_TYPE = YES_ERROR;
				GCC_WARN_UNDECLARED_SELECTOR = YES;
				GCC_WARN_UNINITIALIZED_AUTOS = YES_AGGRESSIVE;
				GCC_WARN_UNUSED_FUNCTION = YES;
				GCC_WARN_UNUSED_VARIABLE = YES;
				IPHONEOS_DEPLOYMENT_TARGET = 17.0;
				LOCALIZATION_PREFERS_STRING_CATALOGS = YES;
				MTL_ENABLE_DEBUG_INFO = NO;
				MTL_FAST_MATH = YES;
				SDKROOT = iphoneos;
				SWIFT_COMPILATION_MODE = wholemodule;
				VALIDATE_PRODUCT = YES;
			};
			name = Release;
		};
		02B76E042BAC49E800A922A2 /* Debug */ = {
			isa = XCBuildConfiguration;
			buildSettings = {
				ASSETCATALOG_COMPILER_APPICON_NAME = AppIcon;
				ASSETCATALOG_COMPILER_GLOBAL_ACCENT_COLOR_NAME = AccentColor;
				CODE_SIGN_STYLE = Automatic;
				CURRENT_PROJECT_VERSION = 1;
				DEVELOPMENT_TEAM = 5JV25W46G7;
				GENERATE_INFOPLIST_FILE = YES;
				INFOPLIST_FILE = WeatherApp/Info.plist;
				INFOPLIST_KEY_UIApplicationSupportsIndirectInputEvents = YES;
				INFOPLIST_KEY_UILaunchStoryboardName = LaunchScreen;
				INFOPLIST_KEY_UIMainStoryboardFile = "";
				INFOPLIST_KEY_UISupportedInterfaceOrientations = UIInterfaceOrientationPortrait;
				INFOPLIST_KEY_UISupportedInterfaceOrientations_iPad = "UIInterfaceOrientationLandscapeLeft UIInterfaceOrientationLandscapeRight UIInterfaceOrientationPortrait UIInterfaceOrientationPortraitUpsideDown";
				IPHONEOS_DEPLOYMENT_TARGET = 15.0;
				LD_RUNPATH_SEARCH_PATHS = (
					"$(inherited)",
					"@executable_path/Frameworks",
				);
				MARKETING_VERSION = 1.0;
				PRODUCT_BUNDLE_IDENTIFIER = InnaStepanova.WeatherApp;
				PRODUCT_NAME = "$(TARGET_NAME)";
				SUPPORTED_PLATFORMS = "iphoneos iphonesimulator";
				SUPPORTS_MACCATALYST = NO;
				SUPPORTS_MAC_DESIGNED_FOR_IPHONE_IPAD = NO;
				SWIFT_EMIT_LOC_STRINGS = YES;
				SWIFT_VERSION = 5.0;
				TARGETED_DEVICE_FAMILY = 1;
			};
			name = Debug;
		};
		02B76E052BAC49E800A922A2 /* Release */ = {
			isa = XCBuildConfiguration;
			buildSettings = {
				ASSETCATALOG_COMPILER_APPICON_NAME = AppIcon;
				ASSETCATALOG_COMPILER_GLOBAL_ACCENT_COLOR_NAME = AccentColor;
				CODE_SIGN_STYLE = Automatic;
				CURRENT_PROJECT_VERSION = 1;
				DEVELOPMENT_TEAM = 5JV25W46G7;
				GENERATE_INFOPLIST_FILE = YES;
				INFOPLIST_FILE = WeatherApp/Info.plist;
				INFOPLIST_KEY_UIApplicationSupportsIndirectInputEvents = YES;
				INFOPLIST_KEY_UILaunchStoryboardName = LaunchScreen;
				INFOPLIST_KEY_UIMainStoryboardFile = "";
				INFOPLIST_KEY_UISupportedInterfaceOrientations = UIInterfaceOrientationPortrait;
				INFOPLIST_KEY_UISupportedInterfaceOrientations_iPad = "UIInterfaceOrientationLandscapeLeft UIInterfaceOrientationLandscapeRight UIInterfaceOrientationPortrait UIInterfaceOrientationPortraitUpsideDown";
				IPHONEOS_DEPLOYMENT_TARGET = 15.0;
				LD_RUNPATH_SEARCH_PATHS = (
					"$(inherited)",
					"@executable_path/Frameworks",
				);
				MARKETING_VERSION = 1.0;
				PRODUCT_BUNDLE_IDENTIFIER = InnaStepanova.WeatherApp;
				PRODUCT_NAME = "$(TARGET_NAME)";
				SUPPORTED_PLATFORMS = "iphoneos iphonesimulator";
				SUPPORTS_MACCATALYST = NO;
				SUPPORTS_MAC_DESIGNED_FOR_IPHONE_IPAD = NO;
				SWIFT_EMIT_LOC_STRINGS = YES;
				SWIFT_VERSION = 5.0;
				TARGETED_DEVICE_FAMILY = 1;
			};
			name = Release;
		};
/* End XCBuildConfiguration section */

/* Begin XCConfigurationList section */
		02B76DEA2BAC49E500A922A2 /* Build configuration list for PBXProject "WeatherApp" */ = {
			isa = XCConfigurationList;
			buildConfigurations = (
				02B76E012BAC49E800A922A2 /* Debug */,
				02B76E022BAC49E800A922A2 /* Release */,
			);
			defaultConfigurationIsVisible = 0;
			defaultConfigurationName = Release;
		};
		02B76E032BAC49E800A922A2 /* Build configuration list for PBXNativeTarget "WeatherApp" */ = {
			isa = XCConfigurationList;
			buildConfigurations = (
				02B76E042BAC49E800A922A2 /* Debug */,
				02B76E052BAC49E800A922A2 /* Release */,
			);
			defaultConfigurationIsVisible = 0;
			defaultConfigurationName = Release;
		};
/* End XCConfigurationList section */
	};
	rootObject = 02B76DE72BAC49E500A922A2 /* Project object */;
}
